
Microsoft Visual Studio Solution File, Format Version 12.00
# Visual Studio Version 17
VisualStudioVersion = 17.10.35004.147
MinimumVisualStudioVersion = 10.0.40219.1
Project("{2150E333-8FDC-42A3-9474-1A3956D46DE8}") = "Hosts", "Hosts", "{46085D97-DB75-4695-B17D-AC22C17B198B}"
EndProject
Project("{2150E333-8FDC-42A3-9474-1A3956D46DE8}") = "Lib", "Lib", "{7A6A2EA3-5725-4B53-B215-A4A682676EEC}"
EndProject
Project("{9A19103F-16F7-4668-BE54-9A1E7A4F7556}") = "PottencialTechTest.API", "PottencialTechTest.API\PottencialTechTest.API.csproj", "{5D18482D-E158-4D16-B32E-8CDFC25F3CBB}"
EndProject
Project("{2150E333-8FDC-42A3-9474-1A3956D46DE8}") = "App", "App", "{4698781B-8EF5-4C7A-B7B0-F710D841A01B}"
EndProject
Project("{9A19103F-16F7-4668-BE54-9A1E7A4F7556}") = "PottencialTechTest.App.Api", "PottencialTechTest.App.Api\PottencialTechTest.App.Api.csproj", "{8EE01D1A-DE13-42D2-929C-D85302A03E72}"
EndProject
Project("{2150E333-8FDC-42A3-9474-1A3956D46DE8}") = "Domain", "Domain", "{9A0B91D4-5435-4523-815D-7BF87866D66D}"
EndProject
Project("{2150E333-8FDC-42A3-9474-1A3956D46DE8}") = "Infra", "Infra", "{4AD20C34-CBB1-4DF3-BE18-BC6312DA03E2}"
EndProject
Project("{9A19103F-16F7-4668-BE54-9A1E7A4F7556}") = "PottencialTechTest.Domain", "PottencialTechTest.Domain\PottencialTechTest.Domain.csproj", "{1CF6F54A-3446-4904-B300-23D933EC31AA}"
EndProject
Project("{9A19103F-16F7-4668-BE54-9A1E7A4F7556}") = "PottencialTechTest.Infra", "PottencialTechTest.Infra\PottencialTechTest.Infra.csproj", "{0B1372B6-A633-46F9-8219-68FEA09D5DF9}"
EndProject
Project("{2150E333-8FDC-42A3-9474-1A3956D46DE8}") = "Data", "Data", "{DD780CA9-09B5-42C2-B0A1-0D85F4C7DCD6}"
EndProject
Project("{9A19103F-16F7-4668-BE54-9A1E7A4F7556}") = "PottencialTechTest.Data.Infra", "PottencialTechTest.Data.Infra\PottencialTechTest.Data.Infra.csproj", "{7F226AE6-9A4B-4447-88DD-D9BD42C515DD}"
EndProject
Project("{2150E333-8FDC-42A3-9474-1A3956D46DE8}") = "Test", "Test", "{CB8CEFF3-803A-4DBA-976C-E1B9452A300B}"
EndProject
Project("{9A19103F-16F7-4668-BE54-9A1E7A4F7556}") = "PottencialTechTest.UnitTests", "PottencialTechTest.UnitTests\PottencialTechTest.UnitTests.csproj", "{50F2B01A-2604-4E9F-8C99-BEE040393891}"
EndProject
Global
	GlobalSection(SolutionConfigurationPlatforms) = preSolution
		Debug|Any CPU = Debug|Any CPU
		Release|Any CPU = Release|Any CPU
	EndGlobalSection
	GlobalSection(ProjectConfigurationPlatforms) = postSolution
		{5D18482D-E158-4D16-B32E-8CDFC25F3CBB}.Debug|Any CPU.ActiveCfg = Debug|Any CPU
		{5D18482D-E158-4D16-B32E-8CDFC25F3CBB}.Debug|Any CPU.Build.0 = Debug|Any CPU
		{5D18482D-E158-4D16-B32E-8CDFC25F3CBB}.Release|Any CPU.ActiveCfg = Release|Any CPU
		{5D18482D-E158-4D16-B32E-8CDFC25F3CBB}.Release|Any CPU.Build.0 = Release|Any CPU
		{8EE01D1A-DE13-42D2-929C-D85302A03E72}.Debug|Any CPU.ActiveCfg = Debug|Any CPU
		{8EE01D1A-DE13-42D2-929C-D85302A03E72}.Debug|Any CPU.Build.0 = Debug|Any CPU
		{8EE01D1A-DE13-42D2-929C-D85302A03E72}.Release|Any CPU.ActiveCfg = Release|Any CPU
		{8EE01D1A-DE13-42D2-929C-D85302A03E72}.Release|Any CPU.Build.0 = Release|Any CPU
		{1CF6F54A-3446-4904-B300-23D933EC31AA}.Debug|Any CPU.ActiveCfg = Debug|Any CPU
		{1CF6F54A-3446-4904-B300-23D933EC31AA}.Debug|Any CPU.Build.0 = Debug|Any CPU
		{1CF6F54A-3446-4904-B300-23D933EC31AA}.Release|Any CPU.ActiveCfg = Release|Any CPU
		{1CF6F54A-3446-4904-B300-23D933EC31AA}.Release|Any CPU.Build.0 = Release|Any CPU
		{0B1372B6-A633-46F9-8219-68FEA09D5DF9}.Debug|Any CPU.ActiveCfg = Debug|Any CPU
		{0B1372B6-A633-46F9-8219-68FEA09D5DF9}.Debug|Any CPU.Build.0 = Debug|Any CPU
		{0B1372B6-A633-46F9-8219-68FEA09D5DF9}.Release|Any CPU.ActiveCfg = Release|Any CPU
		{0B1372B6-A633-46F9-8219-68FEA09D5DF9}.Release|Any CPU.Build.0 = Release|Any CPU
		{7F226AE6-9A4B-4447-88DD-D9BD42C515DD}.Debug|Any CPU.ActiveCfg = Debug|Any CPU
		{7F226AE6-9A4B-4447-88DD-D9BD42C515DD}.Debug|Any CPU.Build.0 = Debug|Any CPU
		{7F226AE6-9A4B-4447-88DD-D9BD42C515DD}.Release|Any CPU.ActiveCfg = Release|Any CPU
		{7F226AE6-9A4B-4447-88DD-D9BD42C515DD}.Release|Any CPU.Build.0 = Release|Any CPU
		{50F2B01A-2604-4E9F-8C99-BEE040393891}.Debug|Any CPU.ActiveCfg = Debug|Any CPU
		{50F2B01A-2604-4E9F-8C99-BEE040393891}.Debug|Any CPU.Build.0 = Debug|Any CPU
		{50F2B01A-2604-4E9F-8C99-BEE040393891}.Release|Any CPU.ActiveCfg = Release|Any CPU
		{50F2B01A-2604-4E9F-8C99-BEE040393891}.Release|Any CPU.Build.0 = Release|Any CPU
	EndGlobalSection
	GlobalSection(SolutionProperties) = preSolution
		HideSolutionNode = FALSE
	EndGlobalSection
	GlobalSection(NestedProjects) = preSolution
		{5D18482D-E158-4D16-B32E-8CDFC25F3CBB} = {46085D97-DB75-4695-B17D-AC22C17B198B}
		{4698781B-8EF5-4C7A-B7B0-F710D841A01B} = {7A6A2EA3-5725-4B53-B215-A4A682676EEC}
		{8EE01D1A-DE13-42D2-929C-D85302A03E72} = {4698781B-8EF5-4C7A-B7B0-F710D841A01B}
		{9A0B91D4-5435-4523-815D-7BF87866D66D} = {7A6A2EA3-5725-4B53-B215-A4A682676EEC}
		{4AD20C34-CBB1-4DF3-BE18-BC6312DA03E2} = {7A6A2EA3-5725-4B53-B215-A4A682676EEC}
		{1CF6F54A-3446-4904-B300-23D933EC31AA} = {9A0B91D4-5435-4523-815D-7BF87866D66D}
		{0B1372B6-A633-46F9-8219-68FEA09D5DF9} = {4AD20C34-CBB1-4DF3-BE18-BC6312DA03E2}
		{DD780CA9-09B5-42C2-B0A1-0D85F4C7DCD6} = {7A6A2EA3-5725-4B53-B215-A4A682676EEC}
		{7F226AE6-9A4B-4447-88DD-D9BD42C515DD} = {DD780CA9-09B5-42C2-B0A1-0D85F4C7DCD6}
		{50F2B01A-2604-4E9F-8C99-BEE040393891} = {CB8CEFF3-803A-4DBA-976C-E1B9452A300B}
	EndGlobalSection
	GlobalSection(ExtensibilityGlobals) = postSolution
		SolutionGuid = {6ACB48FD-7137-46B3-99B9-6FDC1F83AF9D}
	EndGlobalSection
EndGlobal
